
Microsoft Visual Studio Solution File, Format Version 12.00
# Visual Studio Version 16
VisualStudioVersion = 16.0.32106.194
MinimumVisualStudioVersion = 10.0.40219.1
Project("{FAE04EC0-301F-11D3-BF4B-00C04F79EFBC}") = "Allatok", "Allatok.csproj", "{D9AB3CCA-5D74-4F40-935B-8E2612296606}"
EndProject
Global
	GlobalSection(SolutionConfigurationPlatforms) = preSolution
		Debug|Any CPU = Debug|Any CPU
		Release|Any CPU = Release|Any CPU
	EndGlobalSection
	GlobalSection(ProjectConfigurationPlatforms) = postSolution
		{D9AB3CCA-5D74-4F40-935B-8E2612296606}.Debug|Any CPU.ActiveCfg = Debug|Any CPU
		{D9AB3CCA-5D74-4F40-935B-8E2612296606}.Debug|Any CPU.Build.0 = Debug|Any CPU
		{D9AB3CCA-5D74-4F40-935B-8E2612296606}.Release|Any CPU.ActiveCfg = Release|Any CPU
		{D9AB3CCA-5D74-4F40-935B-8E2612296606}.Release|Any CPU.Build.0 = Release|Any CPU
	EndGlobalSection
	GlobalSection(SolutionProperties) = preSolution
		HideSolutionNode = FALSE
	EndGlobalSection
	GlobalSection(ExtensibilityGlobals) = postSolution
		SolutionGuid = {2AEE714D-BEED-4CFF-A151-4DAEA7DF4C00}
	EndGlobalSection
EndGlobal
